
Microsoft Visual Studio Solution File, Format Version 12.00
# Visual Studio Version 16
VisualStudioVersion = 16.0.29503.13
MinimumVisualStudioVersion = 10.0.40219.1
Project("{FAE04EC0-301F-11D3-BF4B-00C04F79EFBC}") = "SalesWebMVC", "SalesWebMVC\SalesWebMVC.csproj", "{7E119FB1-8470-4DDB-A12E-1C918CDBAA31}"
EndProject
Global
	GlobalSection(SolutionConfigurationPlatforms) = preSolution
		Debug|Any CPU = Debug|Any CPU
		Release|Any CPU = Release|Any CPU
	EndGlobalSection
	GlobalSection(ProjectConfigurationPlatforms) = postSolution
		{7E119FB1-8470-4DDB-A12E-1C918CDBAA31}.Debug|Any CPU.ActiveCfg = Debug|Any CPU
		{7E119FB1-8470-4DDB-A12E-1C918CDBAA31}.Debug|Any CPU.Build.0 = Debug|Any CPU
		{7E119FB1-8470-4DDB-A12E-1C918CDBAA31}.Release|Any CPU.ActiveCfg = Release|Any CPU
		{7E119FB1-8470-4DDB-A12E-1C918CDBAA31}.Release|Any CPU.Build.0 = Release|Any CPU
	EndGlobalSection
	GlobalSection(SolutionProperties) = preSolution
		HideSolutionNode = FALSE
	EndGlobalSection
	GlobalSection(ExtensibilityGlobals) = postSolution
		SolutionGuid = {BE580227-D446-499D-BDDD-5F805F6D33F6}
	EndGlobalSection
EndGlobal
